// !$*UTF8*$!
{
	archiveVersion = 1;
	classes = {
	};
	objectVersion = 51;
	objects = {

/* Begin PBXBuildFile section */
		2D978B2A2530D738003D2CF7 /* SwiftUIView.swift in Sources */ = {isa = PBXBuildFile; fileRef = 2D978B292530D738003D2CF7 /* SwiftUIView.swift */; };
		2D978B2D2530D756003D2CF7 /* CarCollectionView.swift in Sources */ = {isa = PBXBuildFile; fileRef = 2D978B2C2530D756003D2CF7 /* CarCollectionView.swift */; };
		300996D964EEC805EC4AA20C /* Pods_VTB_More_Tech.framework in Frameworks */ = {isa = PBXBuildFile; fileRef = 92BE45C01978B97BD0D9B397 /* Pods_VTB_More_Tech.framework */; };
		842ECBC52530D61200AF0886 /* CardView.swift in Sources */ = {isa = PBXBuildFile; fileRef = 842ECBC42530D61200AF0886 /* CardView.swift */; };
		842ECBC82530D65800AF0886 /* CardView.xib in Resources */ = {isa = PBXBuildFile; fileRef = 842ECBC72530D65800AF0886 /* CardView.xib */; };
		84DB79AC2530AFF300B41C01 /* AppDelegate.swift in Sources */ = {isa = PBXBuildFile; fileRef = 84DB79AB2530AFF300B41C01 /* AppDelegate.swift */; };
		84DB79AE2530AFF300B41C01 /* SceneDelegate.swift in Sources */ = {isa = PBXBuildFile; fileRef = 84DB79AD2530AFF300B41C01 /* SceneDelegate.swift */; };
		84DB79B02530AFF300B41C01 /* ViewController.swift in Sources */ = {isa = PBXBuildFile; fileRef = 84DB79AF2530AFF300B41C01 /* ViewController.swift */; };
		84DB79B32530AFF300B41C01 /* Main.storyboard in Resources */ = {isa = PBXBuildFile; fileRef = 84DB79B12530AFF300B41C01 /* Main.storyboard */; };
		84DB79B52530AFF700B41C01 /* Assets.xcassets in Resources */ = {isa = PBXBuildFile; fileRef = 84DB79B42530AFF700B41C01 /* Assets.xcassets */; };
		84DB79B82530AFF700B41C01 /* LaunchScreen.storyboard in Resources */ = {isa = PBXBuildFile; fileRef = 84DB79B62530AFF700B41C01 /* LaunchScreen.storyboard */; };
		A5077AEA2530E99B00666011 /* TransportType.swift in Sources */ = {isa = PBXBuildFile; fileRef = A5077AD82530E99A00666011 /* TransportType.swift */; };
		A5077AEC2530E99B00666011 /* Country.swift in Sources */ = {isa = PBXBuildFile; fileRef = A5077ADA2530E99A00666011 /* Country.swift */; };
		A5077AED2530E99B00666011 /* CarModel.swift in Sources */ = {isa = PBXBuildFile; fileRef = A5077ADB2530E99A00666011 /* CarModel.swift */; };
		A5077AEE2530E99B00666011 /* CarModelType.swift in Sources */ = {isa = PBXBuildFile; fileRef = A5077ADC2530E99A00666011 /* CarModelType.swift */; };
		A5077AEF2530E99B00666011 /* Car.swift in Sources */ = {isa = PBXBuildFile; fileRef = A5077ADD2530E99A00666011 /* Car.swift */; };
		A5077AF02530E99B00666011 /* SizePhoto.swift in Sources */ = {isa = PBXBuildFile; fileRef = A5077ADE2530E99A00666011 /* SizePhoto.swift */; };
		A5077AF12530E99B00666011 /* CarRenderPhotos.swift in Sources */ = {isa = PBXBuildFile; fileRef = A5077ADF2530E99A00666011 /* CarRenderPhotos.swift */; };
		A5077AF22530E99B00666011 /* CarPhotos.swift in Sources */ = {isa = PBXBuildFile; fileRef = A5077AE02530E99A00666011 /* CarPhotos.swift */; };
		A5077AF62530E99B00666011 /* CarBody.swift in Sources */ = {isa = PBXBuildFile; fileRef = A5077AE42530E99B00666011 /* CarBody.swift */; };
		A5077AF72530E99B00666011 /* CarPhoto.swift in Sources */ = {isa = PBXBuildFile; fileRef = A5077AE52530E99B00666011 /* CarPhoto.swift */; };
		A5077AF92530E99B00666011 /* CarBrand.swift in Sources */ = {isa = PBXBuildFile; fileRef = A5077AE72530E99B00666011 /* CarBrand.swift */; };
		A52187922531877F00176AC4 /* CameraView.swift in Sources */ = {isa = PBXBuildFile; fileRef = A52187912531877E00176AC4 /* CameraView.swift */; };
		A521879925318A0D00176AC4 /* CameraPreviewView.swift in Sources */ = {isa = PBXBuildFile; fileRef = A521879825318A0D00176AC4 /* CameraPreviewView.swift */; };
		A543E2AA2530C88B0096C4F0 /* API.swift in Sources */ = {isa = PBXBuildFile; fileRef = A543E2A92530C88B0096C4F0 /* API.swift */; };
		A57A85982531921100F11CBD /* CameraController.swift in Sources */ = {isa = PBXBuildFile; fileRef = A57A85972531921100F11CBD /* CameraController.swift */; };
		A57A859C2531A6CE00F11CBD /* MainView.swift in Sources */ = {isa = PBXBuildFile; fileRef = A57A859B2531A6CE00F11CBD /* MainView.swift */; };
/* End PBXBuildFile section */

/* Begin PBXFileReference section */
		2D978B292530D738003D2CF7 /* SwiftUIView.swift */ = {isa = PBXFileReference; lastKnownFileType = sourcecode.swift; path = SwiftUIView.swift; sourceTree = "<group>"; };
		2D978B2C2530D756003D2CF7 /* CarCollectionView.swift */ = {isa = PBXFileReference; lastKnownFileType = sourcecode.swift; path = CarCollectionView.swift; sourceTree = "<group>"; };
		5FD49936F2391F9031D079DB /* Pods-VTB-More-Tech.debug.xcconfig */ = {isa = PBXFileReference; includeInIndex = 1; lastKnownFileType = text.xcconfig; name = "Pods-VTB-More-Tech.debug.xcconfig"; path = "Target Support Files/Pods-VTB-More-Tech/Pods-VTB-More-Tech.debug.xcconfig"; sourceTree = "<group>"; };
		836F3AE2905A4E32A5E2D986 /* Pods-VTB-More-Tech.release.xcconfig */ = {isa = PBXFileReference; includeInIndex = 1; lastKnownFileType = text.xcconfig; name = "Pods-VTB-More-Tech.release.xcconfig"; path = "Target Support Files/Pods-VTB-More-Tech/Pods-VTB-More-Tech.release.xcconfig"; sourceTree = "<group>"; };
		842ECBC42530D61200AF0886 /* CardView.swift */ = {isa = PBXFileReference; lastKnownFileType = sourcecode.swift; path = CardView.swift; sourceTree = "<group>"; };
		842ECBC72530D65800AF0886 /* CardView.xib */ = {isa = PBXFileReference; lastKnownFileType = file.xib; path = CardView.xib; sourceTree = "<group>"; };
		84DB79A82530AFF300B41C01 /* VTB-More-Tech.app */ = {isa = PBXFileReference; explicitFileType = wrapper.application; includeInIndex = 0; path = "VTB-More-Tech.app"; sourceTree = BUILT_PRODUCTS_DIR; };
		84DB79AB2530AFF300B41C01 /* AppDelegate.swift */ = {isa = PBXFileReference; lastKnownFileType = sourcecode.swift; path = AppDelegate.swift; sourceTree = "<group>"; };
		84DB79AD2530AFF300B41C01 /* SceneDelegate.swift */ = {isa = PBXFileReference; lastKnownFileType = sourcecode.swift; path = SceneDelegate.swift; sourceTree = "<group>"; };
		84DB79AF2530AFF300B41C01 /* ViewController.swift */ = {isa = PBXFileReference; lastKnownFileType = sourcecode.swift; path = ViewController.swift; sourceTree = "<group>"; };
		84DB79B22530AFF300B41C01 /* Base */ = {isa = PBXFileReference; lastKnownFileType = file.storyboard; name = Base; path = Base.lproj/Main.storyboard; sourceTree = "<group>"; };
		84DB79B42530AFF700B41C01 /* Assets.xcassets */ = {isa = PBXFileReference; lastKnownFileType = folder.assetcatalog; path = Assets.xcassets; sourceTree = "<group>"; };
		84DB79B72530AFF700B41C01 /* Base */ = {isa = PBXFileReference; lastKnownFileType = file.storyboard; name = Base; path = Base.lproj/LaunchScreen.storyboard; sourceTree = "<group>"; };
		84DB79B92530AFF700B41C01 /* Info.plist */ = {isa = PBXFileReference; lastKnownFileType = text.plist.xml; path = Info.plist; sourceTree = "<group>"; };
		92BE45C01978B97BD0D9B397 /* Pods_VTB_More_Tech.framework */ = {isa = PBXFileReference; explicitFileType = wrapper.framework; includeInIndex = 0; path = Pods_VTB_More_Tech.framework; sourceTree = BUILT_PRODUCTS_DIR; };
		A5077AD82530E99A00666011 /* TransportType.swift */ = {isa = PBXFileReference; fileEncoding = 4; lastKnownFileType = sourcecode.swift; path = TransportType.swift; sourceTree = "<group>"; };
		A5077ADA2530E99A00666011 /* Country.swift */ = {isa = PBXFileReference; fileEncoding = 4; lastKnownFileType = sourcecode.swift; path = Country.swift; sourceTree = "<group>"; };
		A5077ADB2530E99A00666011 /* CarModel.swift */ = {isa = PBXFileReference; fileEncoding = 4; lastKnownFileType = sourcecode.swift; path = CarModel.swift; sourceTree = "<group>"; };
		A5077ADC2530E99A00666011 /* CarModelType.swift */ = {isa = PBXFileReference; fileEncoding = 4; lastKnownFileType = sourcecode.swift; path = CarModelType.swift; sourceTree = "<group>"; };
		A5077ADD2530E99A00666011 /* Car.swift */ = {isa = PBXFileReference; fileEncoding = 4; lastKnownFileType = sourcecode.swift; path = Car.swift; sourceTree = "<group>"; };
		A5077ADE2530E99A00666011 /* SizePhoto.swift */ = {isa = PBXFileReference; fileEncoding = 4; lastKnownFileType = sourcecode.swift; path = SizePhoto.swift; sourceTree = "<group>"; };
		A5077ADF2530E99A00666011 /* CarRenderPhotos.swift */ = {isa = PBXFileReference; fileEncoding = 4; lastKnownFileType = sourcecode.swift; path = CarRenderPhotos.swift; sourceTree = "<group>"; };
		A5077AE02530E99A00666011 /* CarPhotos.swift */ = {isa = PBXFileReference; fileEncoding = 4; lastKnownFileType = sourcecode.swift; path = CarPhotos.swift; sourceTree = "<group>"; };
		A5077AE42530E99B00666011 /* CarBody.swift */ = {isa = PBXFileReference; fileEncoding = 4; lastKnownFileType = sourcecode.swift; path = CarBody.swift; sourceTree = "<group>"; };
		A5077AE52530E99B00666011 /* CarPhoto.swift */ = {isa = PBXFileReference; fileEncoding = 4; lastKnownFileType = sourcecode.swift; path = CarPhoto.swift; sourceTree = "<group>"; };
		A5077AE72530E99B00666011 /* CarBrand.swift */ = {isa = PBXFileReference; fileEncoding = 4; lastKnownFileType = sourcecode.swift; path = CarBrand.swift; sourceTree = "<group>"; };
		A52187912531877E00176AC4 /* CameraView.swift */ = {isa = PBXFileReference; lastKnownFileType = sourcecode.swift; path = CameraView.swift; sourceTree = "<group>"; };
		A521879825318A0D00176AC4 /* CameraPreviewView.swift */ = {isa = PBXFileReference; lastKnownFileType = sourcecode.swift; path = CameraPreviewView.swift; sourceTree = "<group>"; };
		A543E2A92530C88B0096C4F0 /* API.swift */ = {isa = PBXFileReference; lastKnownFileType = sourcecode.swift; path = API.swift; sourceTree = "<group>"; };
		A57A85972531921100F11CBD /* CameraController.swift */ = {isa = PBXFileReference; lastKnownFileType = sourcecode.swift; path = CameraController.swift; sourceTree = "<group>"; };
		A57A859B2531A6CE00F11CBD /* MainView.swift */ = {isa = PBXFileReference; lastKnownFileType = sourcecode.swift; path = MainView.swift; sourceTree = "<group>"; };
/* End PBXFileReference section */

/* Begin PBXFrameworksBuildPhase section */
		84DB79A52530AFF300B41C01 /* Frameworks */ = {
			isa = PBXFrameworksBuildPhase;
			buildActionMask = 2147483647;
			files = (
				300996D964EEC805EC4AA20C /* Pods_VTB_More_Tech.framework in Frameworks */,
			);
			runOnlyForDeploymentPostprocessing = 0;
		};
/* End PBXFrameworksBuildPhase section */

/* Begin PBXGroup section */
		2D978B282530D703003D2CF7 /* CarCollectionView */ = {
			isa = PBXGroup;
			children = (
				2D978B292530D738003D2CF7 /* SwiftUIView.swift */,
				2D978B2C2530D756003D2CF7 /* CarCollectionView.swift */,
			);
			path = CarCollectionView;
			sourceTree = "<group>";
		};
		7947F27D0DBD752AD8ACE516 /* Pods */ = {
			isa = PBXGroup;
			children = (
				5FD49936F2391F9031D079DB /* Pods-VTB-More-Tech.debug.xcconfig */,
				836F3AE2905A4E32A5E2D986 /* Pods-VTB-More-Tech.release.xcconfig */,
			);
			path = Pods;
			sourceTree = "<group>";
		};
		842ECBCA2530D66500AF0886 /* CardView */ = {
			isa = PBXGroup;
			children = (
				842ECBC42530D61200AF0886 /* CardView.swift */,
				842ECBC72530D65800AF0886 /* CardView.xib */,
			);
			path = CardView;
			sourceTree = "<group>";
		};
		84DB799F2530AFF300B41C01 = {
			isa = PBXGroup;
			children = (
				84DB79AA2530AFF300B41C01 /* VTB-More-Tech */,
				84DB79A92530AFF300B41C01 /* Products */,
				7947F27D0DBD752AD8ACE516 /* Pods */,
				D5FD3CD1C4F0432C509E34CB /* Frameworks */,
			);
			sourceTree = "<group>";
		};
		84DB79A92530AFF300B41C01 /* Products */ = {
			isa = PBXGroup;
			children = (
				84DB79A82530AFF300B41C01 /* VTB-More-Tech.app */,
			);
			name = Products;
			sourceTree = "<group>";
		};
		84DB79AA2530AFF300B41C01 /* VTB-More-Tech */ = {
			isa = PBXGroup;
			children = (
				A5077AD52530E98400666011 /* Models */,
				A543E2A92530C88B0096C4F0 /* API.swift */,
				A52187962531885900176AC4 /* Camera */,
				2D978B282530D703003D2CF7 /* CarCollectionView */,
				84DB79AB2530AFF300B41C01 /* AppDelegate.swift */,
				84DB79AD2530AFF300B41C01 /* SceneDelegate.swift */,
				84DB79AF2530AFF300B41C01 /* ViewController.swift */,
				A57A859B2531A6CE00F11CBD /* MainView.swift */,
				842ECBCA2530D66500AF0886 /* CardView */,
				84DB79B12530AFF300B41C01 /* Main.storyboard */,
				84DB79B42530AFF700B41C01 /* Assets.xcassets */,
				84DB79B62530AFF700B41C01 /* LaunchScreen.storyboard */,
				84DB79B92530AFF700B41C01 /* Info.plist */,
			);
			path = "VTB-More-Tech";
			sourceTree = "<group>";
		};
		A5077AD52530E98400666011 /* Models */ = {
			isa = PBXGroup;
			children = (
				A5077AE42530E99B00666011 /* CarBody.swift */,
				A5077AE72530E99B00666011 /* CarBrand.swift */,
				A5077ADA2530E99A00666011 /* Country.swift */,
				A5077ADD2530E99A00666011 /* Car.swift */,
				A5077AE02530E99A00666011 /* CarPhotos.swift */,
				A5077ADC2530E99A00666011 /* CarModelType.swift */,
				A5077ADB2530E99A00666011 /* CarModel.swift */,
				A5077ADF2530E99A00666011 /* CarRenderPhotos.swift */,
				A5077ADE2530E99A00666011 /* SizePhoto.swift */,
				A5077AD82530E99A00666011 /* TransportType.swift */,
				A5077AE52530E99B00666011 /* CarPhoto.swift */,
			);
			path = Models;
			sourceTree = "<group>";
		};
		A52187962531885900176AC4 /* Camera */ = {
			isa = PBXGroup;
			children = (
				A52187912531877E00176AC4 /* CameraView.swift */,
				A521879825318A0D00176AC4 /* CameraPreviewView.swift */,
				A57A85972531921100F11CBD /* CameraController.swift */,
			);
			path = Camera;
			sourceTree = "<group>";
		};
		D5FD3CD1C4F0432C509E34CB /* Frameworks */ = {
			isa = PBXGroup;
			children = (
				92BE45C01978B97BD0D9B397 /* Pods_VTB_More_Tech.framework */,
			);
			name = Frameworks;
			sourceTree = "<group>";
		};
/* End PBXGroup section */

/* Begin PBXNativeTarget section */
		84DB79A72530AFF300B41C01 /* VTB-More-Tech */ = {
			isa = PBXNativeTarget;
			buildConfigurationList = 84DB79BC2530AFF700B41C01 /* Build configuration list for PBXNativeTarget "VTB-More-Tech" */;
			buildPhases = (
				F385CF83951BDA87176CF75D /* [CP] Check Pods Manifest.lock */,
				84DB79A42530AFF300B41C01 /* Sources */,
				84DB79A52530AFF300B41C01 /* Frameworks */,
				84DB79A62530AFF300B41C01 /* Resources */,
				706F99112BB5B5A4A73833F3 /* [CP] Embed Pods Frameworks */,
			);
			buildRules = (
			);
			dependencies = (
			);
			name = "VTB-More-Tech";
			productName = "VTB-More-Tech";
			productReference = 84DB79A82530AFF300B41C01 /* VTB-More-Tech.app */;
			productType = "com.apple.product-type.application";
		};
/* End PBXNativeTarget section */

/* Begin PBXProject section */
		84DB79A02530AFF300B41C01 /* Project object */ = {
			isa = PBXProject;
			attributes = {
				LastSwiftUpdateCheck = 1170;
				LastUpgradeCheck = 1170;
				ORGANIZATIONNAME = TechBirds;
				TargetAttributes = {
					84DB79A72530AFF300B41C01 = {
						CreatedOnToolsVersion = 11.7;
					};
				};
			};
			buildConfigurationList = 84DB79A32530AFF300B41C01 /* Build configuration list for PBXProject "VTB-More-Tech" */;
			compatibilityVersion = "Xcode 9.3";
			developmentRegion = en;
			hasScannedForEncodings = 0;
			knownRegions = (
				en,
				Base,
			);
			mainGroup = 84DB799F2530AFF300B41C01;
			productRefGroup = 84DB79A92530AFF300B41C01 /* Products */;
			projectDirPath = "";
			projectRoot = "";
			targets = (
				84DB79A72530AFF300B41C01 /* VTB-More-Tech */,
			);
		};
/* End PBXProject section */

/* Begin PBXResourcesBuildPhase section */
		84DB79A62530AFF300B41C01 /* Resources */ = {
			isa = PBXResourcesBuildPhase;
			buildActionMask = 2147483647;
			files = (
				84DB79B82530AFF700B41C01 /* LaunchScreen.storyboard in Resources */,
				84DB79B52530AFF700B41C01 /* Assets.xcassets in Resources */,
				842ECBC82530D65800AF0886 /* CardView.xib in Resources */,
				84DB79B32530AFF300B41C01 /* Main.storyboard in Resources */,
			);
			runOnlyForDeploymentPostprocessing = 0;
		};
/* End PBXResourcesBuildPhase section */

/* Begin PBXShellScriptBuildPhase section */
		706F99112BB5B5A4A73833F3 /* [CP] Embed Pods Frameworks */ = {
			isa = PBXShellScriptBuildPhase;
			buildActionMask = 2147483647;
			files = (
			);
			inputFileListPaths = (
				"${PODS_ROOT}/Target Support Files/Pods-VTB-More-Tech/Pods-VTB-More-Tech-frameworks-${CONFIGURATION}-input-files.xcfilelist",
			);
			name = "[CP] Embed Pods Frameworks";
			outputFileListPaths = (
				"${PODS_ROOT}/Target Support Files/Pods-VTB-More-Tech/Pods-VTB-More-Tech-frameworks-${CONFIGURATION}-output-files.xcfilelist",
			);
			runOnlyForDeploymentPostprocessing = 0;
			shellPath = /bin/sh;
			shellScript = "\"${PODS_ROOT}/Target Support Files/Pods-VTB-More-Tech/Pods-VTB-More-Tech-frameworks.sh\"\n";
			showEnvVarsInLog = 0;
		};
		F385CF83951BDA87176CF75D /* [CP] Check Pods Manifest.lock */ = {
			isa = PBXShellScriptBuildPhase;
			buildActionMask = 2147483647;
			files = (
			);
			inputFileListPaths = (
			);
			inputPaths = (
				"${PODS_PODFILE_DIR_PATH}/Podfile.lock",
				"${PODS_ROOT}/Manifest.lock",
			);
			name = "[CP] Check Pods Manifest.lock";
			outputFileListPaths = (
			);
			outputPaths = (
				"$(DERIVED_FILE_DIR)/Pods-VTB-More-Tech-checkManifestLockResult.txt",
			);
			runOnlyForDeploymentPostprocessing = 0;
			shellPath = /bin/sh;
			shellScript = "diff \"${PODS_PODFILE_DIR_PATH}/Podfile.lock\" \"${PODS_ROOT}/Manifest.lock\" > /dev/null\nif [ $? != 0 ] ; then\n    # print error to STDERR\n    echo \"error: The sandbox is not in sync with the Podfile.lock. Run 'pod install' or update your CocoaPods installation.\" >&2\n    exit 1\nfi\n# This output is used by Xcode 'outputs' to avoid re-running this script phase.\necho \"SUCCESS\" > \"${SCRIPT_OUTPUT_FILE_0}\"\n";
			showEnvVarsInLog = 0;
		};
/* End PBXShellScriptBuildPhase section */

/* Begin PBXSourcesBuildPhase section */
		84DB79A42530AFF300B41C01 /* Sources */ = {
			isa = PBXSourcesBuildPhase;
			buildActionMask = 2147483647;
			files = (
				A5077AEE2530E99B00666011 /* CarModelType.swift in Sources */,
				A5077AEC2530E99B00666011 /* Country.swift in Sources */,
				84DB79B02530AFF300B41C01 /* ViewController.swift in Sources */,
				A5077AEF2530E99B00666011 /* Car.swift in Sources */,
				A5077AF22530E99B00666011 /* CarPhotos.swift in Sources */,
				84DB79AC2530AFF300B41C01 /* AppDelegate.swift in Sources */,
				A5077AF62530E99B00666011 /* CarBody.swift in Sources */,
				A5077AED2530E99B00666011 /* CarModel.swift in Sources */,
				A521879925318A0D00176AC4 /* CameraPreviewView.swift in Sources */,
				A57A85982531921100F11CBD /* CameraController.swift in Sources */,
				A5077AF12530E99B00666011 /* CarRenderPhotos.swift in Sources */,
				A5077AF92530E99B00666011 /* CarBrand.swift in Sources */,
				A5077AF02530E99B00666011 /* SizePhoto.swift in Sources */,
				A5077AF72530E99B00666011 /* CarPhoto.swift in Sources */,
				A543E2AA2530C88B0096C4F0 /* API.swift in Sources */,
				A52187922531877F00176AC4 /* CameraView.swift in Sources */,
				A5077AEA2530E99B00666011 /* TransportType.swift in Sources */,
				2D978B2D2530D756003D2CF7 /* CarCollectionView.swift in Sources */,
				84DB79AE2530AFF300B41C01 /* SceneDelegate.swift in Sources */,
				2D978B2A2530D738003D2CF7 /* SwiftUIView.swift in Sources */,
				A57A859C2531A6CE00F11CBD /* MainView.swift in Sources */,
				842ECBC52530D61200AF0886 /* CardView.swift in Sources */,
			);
			runOnlyForDeploymentPostprocessing = 0;
		};
/* End PBXSourcesBuildPhase section */

/* Begin PBXVariantGroup section */
		84DB79B12530AFF300B41C01 /* Main.storyboard */ = {
			isa = PBXVariantGroup;
			children = (
				84DB79B22530AFF300B41C01 /* Base */,
			);
			name = Main.storyboard;
			sourceTree = "<group>";
		};
		84DB79B62530AFF700B41C01 /* LaunchScreen.storyboard */ = {
			isa = PBXVariantGroup;
			children = (
				84DB79B72530AFF700B41C01 /* Base */,
			);
			name = LaunchScreen.storyboard;
			sourceTree = "<group>";
		};
/* End PBXVariantGroup section */

/* Begin XCBuildConfiguration section */
		84DB79BA2530AFF700B41C01 /* Debug */ = {
			isa = XCBuildConfiguration;
			buildSettings = {
				ALWAYS_SEARCH_USER_PATHS = NO;
				CLANG_ANALYZER_NONNULL = YES;
				CLANG_ANALYZER_NUMBER_OBJECT_CONVERSION = YES_AGGRESSIVE;
				CLANG_CXX_LANGUAGE_STANDARD = "gnu++14";
				CLANG_CXX_LIBRARY = "libc++";
				CLANG_ENABLE_MODULES = YES;
				CLANG_ENABLE_OBJC_ARC = YES;
				CLANG_ENABLE_OBJC_WEAK = YES;
				CLANG_WARN_BLOCK_CAPTURE_AUTORELEASING = YES;
				CLANG_WARN_BOOL_CONVERSION = YES;
				CLANG_WARN_COMMA = YES;
				CLANG_WARN_CONSTANT_CONVERSION = YES;
				CLANG_WARN_DEPRECATED_OBJC_IMPLEMENTATIONS = YES;
				CLANG_WARN_DIRECT_OBJC_ISA_USAGE = YES_ERROR;
				CLANG_WARN_DOCUMENTATION_COMMENTS = YES;
				CLANG_WARN_EMPTY_BODY = YES;
				CLANG_WARN_ENUM_CONVERSION = YES;
				CLANG_WARN_INFINITE_RECURSION = YES;
				CLANG_WARN_INT_CONVERSION = YES;
				CLANG_WARN_NON_LITERAL_NULL_CONVERSION = YES;
				CLANG_WARN_OBJC_IMPLICIT_RETAIN_SELF = YES;
				CLANG_WARN_OBJC_LITERAL_CONVERSION = YES;
				CLANG_WARN_OBJC_ROOT_CLASS = YES_ERROR;
				CLANG_WARN_RANGE_LOOP_ANALYSIS = YES;
				CLANG_WARN_STRICT_PROTOTYPES = YES;
				CLANG_WARN_SUSPICIOUS_MOVE = YES;
				CLANG_WARN_UNGUARDED_AVAILABILITY = YES_AGGRESSIVE;
				CLANG_WARN_UNREACHABLE_CODE = YES;
				CLANG_WARN__DUPLICATE_METHOD_MATCH = YES;
				COPY_PHASE_STRIP = NO;
				DEBUG_INFORMATION_FORMAT = dwarf;
				ENABLE_STRICT_OBJC_MSGSEND = YES;
				ENABLE_TESTABILITY = YES;
				GCC_C_LANGUAGE_STANDARD = gnu11;
				GCC_DYNAMIC_NO_PIC = NO;
				GCC_NO_COMMON_BLOCKS = YES;
				GCC_OPTIMIZATION_LEVEL = 0;
				GCC_PREPROCESSOR_DEFINITIONS = (
					"DEBUG=1",
					"$(inherited)",
				);
				GCC_WARN_64_TO_32_BIT_CONVERSION = YES;
				GCC_WARN_ABOUT_RETURN_TYPE = YES_ERROR;
				GCC_WARN_UNDECLARED_SELECTOR = YES;
				GCC_WARN_UNINITIALIZED_AUTOS = YES_AGGRESSIVE;
				GCC_WARN_UNUSED_FUNCTION = YES;
				GCC_WARN_UNUSED_VARIABLE = YES;
				IPHONEOS_DEPLOYMENT_TARGET = 13.7;
				MTL_ENABLE_DEBUG_INFO = INCLUDE_SOURCE;
				MTL_FAST_MATH = YES;
				ONLY_ACTIVE_ARCH = YES;
				SDKROOT = iphoneos;
				SWIFT_ACTIVE_COMPILATION_CONDITIONS = DEBUG;
				SWIFT_OPTIMIZATION_LEVEL = "-Onone";
			};
			name = Debug;
		};
		84DB79BB2530AFF700B41C01 /* Release */ = {
			isa = XCBuildConfiguration;
			buildSettings = {
				ALWAYS_SEARCH_USER_PATHS = NO;
				CLANG_ANALYZER_NONNULL = YES;
				CLANG_ANALYZER_NUMBER_OBJECT_CONVERSION = YES_AGGRESSIVE;
				CLANG_CXX_LANGUAGE_STANDARD = "gnu++14";
				CLANG_CXX_LIBRARY = "libc++";
				CLANG_ENABLE_MODULES = YES;
				CLANG_ENABLE_OBJC_ARC = YES;
				CLANG_ENABLE_OBJC_WEAK = YES;
				CLANG_WARN_BLOCK_CAPTURE_AUTORELEASING = YES;
				CLANG_WARN_BOOL_CONVERSION = YES;
				CLANG_WARN_COMMA = YES;
				CLANG_WARN_CONSTANT_CONVERSION = YES;
				CLANG_WARN_DEPRECATED_OBJC_IMPLEMENTATIONS = YES;
				CLANG_WARN_DIRECT_OBJC_ISA_USAGE = YES_ERROR;
				CLANG_WARN_DOCUMENTATION_COMMENTS = YES;
				CLANG_WARN_EMPTY_BODY = YES;
				CLANG_WARN_ENUM_CONVERSION = YES;
				CLANG_WARN_INFINITE_RECURSION = YES;
				CLANG_WARN_INT_CONVERSION = YES;
				CLANG_WARN_NON_LITERAL_NULL_CONVERSION = YES;
				CLANG_WARN_OBJC_IMPLICIT_RETAIN_SELF = YES;
				CLANG_WARN_OBJC_LITERAL_CONVERSION = YES;
				CLANG_WARN_OBJC_ROOT_CLASS = YES_ERROR;
				CLANG_WARN_RANGE_LOOP_ANALYSIS = YES;
				CLANG_WARN_STRICT_PROTOTYPES = YES;
				CLANG_WARN_SUSPICIOUS_MOVE = YES;
				CLANG_WARN_UNGUARDED_AVAILABILITY = YES_AGGRESSIVE;
				CLANG_WARN_UNREACHABLE_CODE = YES;
				CLANG_WARN__DUPLICATE_METHOD_MATCH = YES;
				COPY_PHASE_STRIP = NO;
				DEBUG_INFORMATION_FORMAT = "dwarf-with-dsym";
				ENABLE_NS_ASSERTIONS = NO;
				ENABLE_STRICT_OBJC_MSGSEND = YES;
				GCC_C_LANGUAGE_STANDARD = gnu11;
				GCC_NO_COMMON_BLOCKS = YES;
				GCC_WARN_64_TO_32_BIT_CONVERSION = YES;
				GCC_WARN_ABOUT_RETURN_TYPE = YES_ERROR;
				GCC_WARN_UNDECLARED_SELECTOR = YES;
				GCC_WARN_UNINITIALIZED_AUTOS = YES_AGGRESSIVE;
				GCC_WARN_UNUSED_FUNCTION = YES;
				GCC_WARN_UNUSED_VARIABLE = YES;
				IPHONEOS_DEPLOYMENT_TARGET = 13.7;
				MTL_ENABLE_DEBUG_INFO = NO;
				MTL_FAST_MATH = YES;
				SDKROOT = iphoneos;
				SWIFT_COMPILATION_MODE = wholemodule;
				SWIFT_OPTIMIZATION_LEVEL = "-O";
				VALIDATE_PRODUCT = YES;
			};
			name = Release;
		};
		84DB79BD2530AFF700B41C01 /* Debug */ = {
			isa = XCBuildConfiguration;
			baseConfigurationReference = 5FD49936F2391F9031D079DB /* Pods-VTB-More-Tech.debug.xcconfig */;
			buildSettings = {
				ASSETCATALOG_COMPILER_APPICON_NAME = AppIcon;
				CODE_SIGN_STYLE = Automatic;
				DEVELOPMENT_TEAM = X7A879TDJR;
				INFOPLIST_FILE = "VTB-More-Tech/Info.plist";
				LD_RUNPATH_SEARCH_PATHS = (
					"$(inherited)",
					"@executable_path/Frameworks",
				);
				PRODUCT_BUNDLE_IDENTIFIER = "TechBirds.VTB-More-Tech";
				PRODUCT_NAME = "$(TARGET_NAME)";
				SWIFT_VERSION = 5.0;
				TARGETED_DEVICE_FAMILY = "1,2";
			};
			name = Debug;
		};
		84DB79BE2530AFF700B41C01 /* Release */ = {
			isa = XCBuildConfiguration;
			baseConfigurationReference = 836F3AE2905A4E32A5E2D986 /* Pods-VTB-More-Tech.release.xcconfig */;
			buildSettings = {
				ASSETCATALOG_COMPILER_APPICON_NAME = AppIcon;
				CODE_SIGN_STYLE = Automatic;
				DEVELOPMENT_TEAM = X7A879TDJR;
				INFOPLIST_FILE = "VTB-More-Tech/Info.plist";
				LD_RUNPATH_SEARCH_PATHS = (
					"$(inherited)",
					"@executable_path/Frameworks",
				);
				PRODUCT_BUNDLE_IDENTIFIER = "TechBirds.VTB-More-Tech";
				PRODUCT_NAME = "$(TARGET_NAME)";
				SWIFT_VERSION = 5.0;
				TARGETED_DEVICE_FAMILY = "1,2";
			};
			name = Release;
		};
/* End XCBuildConfiguration section */

/* Begin XCConfigurationList section */
		84DB79A32530AFF300B41C01 /* Build configuration list for PBXProject "VTB-More-Tech" */ = {
			isa = XCConfigurationList;
			buildConfigurations = (
				84DB79BA2530AFF700B41C01 /* Debug */,
				84DB79BB2530AFF700B41C01 /* Release */,
			);
			defaultConfigurationIsVisible = 0;
			defaultConfigurationName = Release;
		};
		84DB79BC2530AFF700B41C01 /* Build configuration list for PBXNativeTarget "VTB-More-Tech" */ = {
			isa = XCConfigurationList;
			buildConfigurations = (
				84DB79BD2530AFF700B41C01 /* Debug */,
				84DB79BE2530AFF700B41C01 /* Release */,
			);
			defaultConfigurationIsVisible = 0;
			defaultConfigurationName = Release;
		};
/* End XCConfigurationList section */
	};
	rootObject = 84DB79A02530AFF300B41C01 /* Project object */;
}
